
Microsoft Visual Studio Solution File, Format Version 12.00
# Visual Studio 2013
VisualStudioVersion = 12.0.31101.0
MinimumVisualStudioVersion = 10.0.40219.1
Project("{FAE04EC0-301F-11D3-BF4B-00C04F79EFBC}") = "DotNet.Business.NPOIHelper", "DotNet.Business.NPOIHelper\DotNet.Business.NPOIHelper.csproj", "{3C9DDA15-0509-456E-BC1D-9A280FDBE5A0}"
EndProject
Project("{2150E333-8FDC-42A3-9474-1A3956D46DE8}") = "Excel操作类", "Excel操作类", "{CEBBBAC3-1439-4A2E-A8B8-EA6854232229}"
EndProject
Project("{2150E333-8FDC-42A3-9474-1A3956D46DE8}") = "加密解密", "加密解密", "{D10901C6-2775-476C-AD2E-2D18809095CF}"
EndProject
Project("{2150E333-8FDC-42A3-9474-1A3956D46DE8}") = "Cookie操作类", "Cookie操作类", "{56E3B654-24BF-4F7F-AF44-6B55F82C6ECB}"
EndProject
Project("{FAE04EC0-301F-11D3-BF4B-00C04F79EFBC}") = "DotNet.Business.Cookie", "DotNet.Business.Cookie\DotNet.Business.Cookie.csproj", "{F33A7B48-461C-4054-85B0-C079509EF7B7}"
EndProject
Project("{FAE04EC0-301F-11D3-BF4B-00C04F79EFBC}") = "DotNet.Business.Session", "DotNet.Business.Session\DotNet.Business.Session.csproj", "{1845D20C-9161-4290-ABCA-1F4675EFFB4E}"
EndProject
Project("{FAE04EC0-301F-11D3-BF4B-00C04F79EFBC}") = "DotNet.Business.Cache", "DotNet.Business.Cache\DotNet.Business.Cache.csproj", "{685C3C5C-E269-477E-8F22-776BF2B6EF24}"
EndProject
Project("{FAE04EC0-301F-11D3-BF4B-00C04F79EFBC}") = "DotNet.Business.DEncrypt", "DotNet.Business.DEncrypt\DotNet.Business.DEncrypt.csproj", "{A5B5CE70-CB64-4265-BE05-97B919755277}"
EndProject
Project("{2150E333-8FDC-42A3-9474-1A3956D46DE8}") = "FTP操作类", "FTP操作类", "{13856AE5-6854-4706-840E-7A32F89C7AAE}"
EndProject
Project("{FAE04EC0-301F-11D3-BF4B-00C04F79EFBC}") = "DotNet.Business.FTP", "DotNet.Business.FTP\DotNet.Business.FTP.csproj", "{3E1914A3-C795-440A-B468-7506BFE72D56}"
EndProject
Project("{2150E333-8FDC-42A3-9474-1A3956D46DE8}") = "JSON操作类", "JSON操作类", "{B690F641-DA06-4FC0-89FE-D10A410F812B}"
EndProject
Project("{FAE04EC0-301F-11D3-BF4B-00C04F79EFBC}") = "DotNet.Business.JSON", "DotNet.Business.JSON\DotNet.Business.JSON.csproj", "{94A34A13-0CA0-4BCC-88F9-F1D3EB7AAC83}"
EndProject
Project("{2150E333-8FDC-42A3-9474-1A3956D46DE8}") = "PDF操作类", "PDF操作类", "{463A3216-0911-421F-B681-7C581FAC2B17}"
EndProject
Project("{FAE04EC0-301F-11D3-BF4B-00C04F79EFBC}") = "DotNet.Business.PDF", "DotNet.Business.PDF\DotNet.Business.PDF.csproj", "{BE4447F9-9C99-4F18-B53E-5002343AD026}"
EndProject
Project("{2150E333-8FDC-42A3-9474-1A3956D46DE8}") = "XML操作类", "XML操作类", "{13BB7C4F-1543-489F-B478-0DA7D3D02A71}"
EndProject
Project("{FAE04EC0-301F-11D3-BF4B-00C04F79EFBC}") = "DotNet.Business.XML", "DotNet.Business.XML\DotNet.Business.XML.csproj", "{5E75D89B-7644-42A4-A152-7113222F7080}"
EndProject
Project("{2150E333-8FDC-42A3-9474-1A3956D46DE8}") = "序列化", "序列化", "{6A2EEA35-859F-4BC9-94EA-5A142FAF8B95}"
EndProject
Project("{FAE04EC0-301F-11D3-BF4B-00C04F79EFBC}") = "DotNet.Business.Serialize", "DotNet.Business.Serialize\DotNet.Business.Serialize.csproj", "{5046FF7B-79CD-41C1-8DA3-2CB967036FF2}"
EndProject
Project("{2150E333-8FDC-42A3-9474-1A3956D46DE8}") = "字符串", "字符串", "{DA158EE1-9250-4BA6-AC34-9D66ADDE15A0}"
EndProject
Project("{FAE04EC0-301F-11D3-BF4B-00C04F79EFBC}") = "DotNet.Business.String", "DotNet.Business.String\DotNet.Business.String.csproj", "{E469D74A-1445-4D32-BEDA-5EF21B147071}"
EndProject
Project("{2150E333-8FDC-42A3-9474-1A3956D46DE8}") = "汉字转拼音", "汉字转拼音", "{EC3008F2-B837-4F9A-97BE-80AC67BD9AC2}"
EndProject
Project("{FAE04EC0-301F-11D3-BF4B-00C04F79EFBC}") = "DotNet.Business.Character", "DotNet.Business.Character\DotNet.Business.Character.csproj", "{06972D19-2000-4D80-8FC4-6261AB3BE223}"
EndProject
Project("{2150E333-8FDC-42A3-9474-1A3956D46DE8}") = "随机数", "随机数", "{004BECD8-C224-47D7-8496-A81993B7E589}"
EndProject
Project("{FAE04EC0-301F-11D3-BF4B-00C04F79EFBC}") = "DotNet.Business.Random", "DotNet.Business.Random\DotNet.Business.Random.csproj", "{4941770A-596D-4CEE-9528-89E8AF22CEF8}"
EndProject
Project("{2150E333-8FDC-42A3-9474-1A3956D46DE8}") = "验证码", "验证码", "{444A022A-6F38-4276-8017-884226C436F9}"
EndProject
Project("{FAE04EC0-301F-11D3-BF4B-00C04F79EFBC}") = "DotNet.Business.Captchas", "DotNet.Business.Captchas\DotNet.Business.Captchas.csproj", "{AD846F9F-A9F7-4DFD-8DE8-4B70DD692B7B}"
EndProject
Project("{2150E333-8FDC-42A3-9474-1A3956D46DE8}") = "人民币操作类", "人民币操作类", "{7B8C15D8-159E-4F79-BAB9-FC551F5C1E85}"
EndProject
Project("{FAE04EC0-301F-11D3-BF4B-00C04F79EFBC}") = "DotNet.Business.RMB", "DotNet.Business.RMB\DotNet.Business.RMB.csproj", "{924D9E44-ED2F-4605-96E1-ADAF1FF147BF}"
EndProject
Project("{2150E333-8FDC-42A3-9474-1A3956D46DE8}") = "配置文件", "配置文件", "{D455141E-44BF-45CF-82EE-AEA56D733D78}"
EndProject
Project("{FAE04EC0-301F-11D3-BF4B-00C04F79EFBC}") = "DotNet.Business.Config", "DotNet.Business.Config\DotNet.Business.Config.csproj", "{8D821A1A-6E12-4119-ADF0-C35BBB68149E}"
EndProject
Project("{2150E333-8FDC-42A3-9474-1A3956D46DE8}") = "上传下载", "上传下载", "{198FB083-4249-47BC-99EC-A39EAAD75D1E}"
EndProject
Project("{FAE04EC0-301F-11D3-BF4B-00C04F79EFBC}") = "DotNet.Business.Download", "DotNet.Business.Download\DotNet.Business.Download.csproj", "{22FD597B-D294-4EA6-9F88-C5A68A2BC538}"
EndProject
Project("{FAE04EC0-301F-11D3-BF4B-00C04F79EFBC}") = "DotNet.Business.Upload", "DotNet.Business.Upload\DotNet.Business.Upload.csproj", "{C8F48726-3119-4E8C-816D-A5F39F89D3D3}"
EndProject
Project("{2150E333-8FDC-42A3-9474-1A3956D46DE8}") = "邮件", "邮件", "{FC15C89C-C5EC-4813-A0A3-A6C349DBA60F}"
EndProject
Project("{FAE04EC0-301F-11D3-BF4B-00C04F79EFBC}") = "DotNet.Business.Email", "DotNet.Business.Email\DotNet.Business.Email.csproj", "{3D1A7519-C686-48BA-B44B-3C6F1DFF7400}"
EndProject
Project("{2150E333-8FDC-42A3-9474-1A3956D46DE8}") = "压缩解压", "压缩解压", "{794989FC-5B54-4869-8CB3-D3C745E36C20}"
EndProject
Project("{FAE04EC0-301F-11D3-BF4B-00C04F79EFBC}") = "DotNet.Business.Zip", "DotNet.Business.Zip\DotNet.Business.Zip.csproj", "{1E6528D9-D4EE-47BF-B406-A087F7904D73}"
EndProject
Project("{2150E333-8FDC-42A3-9474-1A3956D46DE8}") = "文件", "文件", "{F7FD9D85-1564-449B-987E-B51BFC881A92}"
EndProject
Project("{FAE04EC0-301F-11D3-BF4B-00C04F79EFBC}") = "DotNet.Business.File", "DotNet.Business.File\DotNet.Business.File.csproj", "{968073AA-65B8-4CED-A854-ECD33F33B72A}"
EndProject
Project("{2150E333-8FDC-42A3-9474-1A3956D46DE8}") = "图片处理", "图片处理", "{43D3EBD0-AA85-429E-AE89-4DF90398D24A}"
EndProject
Project("{FAE04EC0-301F-11D3-BF4B-00C04F79EFBC}") = "DotNet.Business.Image", "DotNet.Business.Image\DotNet.Business.Image.csproj", "{AA99E7CE-1EA6-41FF-A883-BEAC806F6A4E}"
EndProject
Project("{2150E333-8FDC-42A3-9474-1A3956D46DE8}") = "Cache操作类", "Cache操作类", "{4051EBB0-5C9E-462B-9AC9-2E86DE224967}"
EndProject
Project("{2150E333-8FDC-42A3-9474-1A3956D46DE8}") = "Session操作类", "Session操作类", "{D5458F60-8607-4D75-960E-242A923AE828}"
EndProject
Project("{2150E333-8FDC-42A3-9474-1A3956D46DE8}") = "URL操作类", "URL操作类", "{5A9FC9BF-84ED-4AF5-BB38-861BF057F435}"
EndProject
Project("{FAE04EC0-301F-11D3-BF4B-00C04F79EFBC}") = "DotNet.Business.URL", "DotNet.Business.URL\DotNet.Business.URL.csproj", "{C85EEA14-1347-4D90-911D-CF514AEF3AD3}"
EndProject
Project("{2150E333-8FDC-42A3-9474-1A3956D46DE8}") = "页面辅助类", "页面辅助类", "{3B4C8D6D-CF74-44B0-ADD8-B6C43C1F7892}"
EndProject
Project("{FAE04EC0-301F-11D3-BF4B-00C04F79EFBC}") = "DotNet.Business.Assist", "DotNet.Business.Assist\DotNet.Business.Assist.csproj", "{5F33B3B1-313C-4D07-AD02-C9223506A417}"
EndProject
Project("{2150E333-8FDC-42A3-9474-1A3956D46DE8}") = "抓包类类库", "抓包类类库", "{58E771A7-3A51-4B82-B349-E40776E69F6A}"
EndProject
Project("{FAE04EC0-301F-11D3-BF4B-00C04F79EFBC}") = "DotNet.Business.HttpHelper", "DotNet.Business.HttpHelper\DotNet.Business.HttpHelper.csproj", "{432C3370-FC75-4DD7-87AE-916C32139CE8}"
EndProject
Project("{2150E333-8FDC-42A3-9474-1A3956D46DE8}") = "全局键盘钩子", "全局键盘钩子", "{601FB558-425F-427E-A90A-9D91485A1405}"
EndProject
Project("{FAE04EC0-301F-11D3-BF4B-00C04F79EFBC}") = "DotNet.Business.Hook", "DotNet.Business.Hook\DotNet.Business.Hook.csproj", "{F237F607-7C56-4FA7-8D16-13E8571EC98F}"
EndProject
Project("{2150E333-8FDC-42A3-9474-1A3956D46DE8}") = "CMD操作类", "CMD操作类", "{033FAA46-E0BA-4E00-BEF5-3658C0B90AA3}"
EndProject
Project("{FAE04EC0-301F-11D3-BF4B-00C04F79EFBC}") = "DotNet.Business.CMD", "DotNet.Business.CMD\DotNet.Business.CMD.csproj", "{01F9534B-C650-4AB6-8848-3BF0300627EF}"
EndProject
Project("{2150E333-8FDC-42A3-9474-1A3956D46DE8}") = "屏幕截图", "屏幕截图", "{9048282A-0CA3-4B81-8CB8-1838D744EB04}"
EndProject
Project("{FAE04EC0-301F-11D3-BF4B-00C04F79EFBC}") = "DotNet.Business.CopyFromScreen", "DotNet.Business.CopyFromScreen\DotNet.Business.CopyFromScreen.csproj", "{C153AD11-9A8A-46B1-89F0-77522E229AF7}"
EndProject
Project("{2150E333-8FDC-42A3-9474-1A3956D46DE8}") = "获取硬件信息", "获取硬件信息", "{AA0CD2E4-D272-4EAF-9D06-70E640E630D1}"
EndProject
Project("{FAE04EC0-301F-11D3-BF4B-00C04F79EFBC}") = "DotNet.Business.Hardware", "DotNet.Business.Hardware\DotNet.Business.Hardware.csproj", "{2B688035-7B80-4C86-B265-B70E224CE095}"
EndProject
Project("{2150E333-8FDC-42A3-9474-1A3956D46DE8}") = "注册表操作类", "注册表操作类", "{A4A4F187-BEE7-47F3-9DD8-2660A25D3D4E}"
EndProject
Project("{FAE04EC0-301F-11D3-BF4B-00C04F79EFBC}") = "DotNet.Business.RegReadWrite", "DotNet.Business.RegReadWrite\DotNet.Business.RegReadWrite.csproj", "{66B488AB-C880-49C7-92E2-7857F2C892BF}"
EndProject
Global
	GlobalSection(SolutionConfigurationPlatforms) = preSolution
		Debug|Any CPU = Debug|Any CPU
		Debug|Mixed Platforms = Debug|Mixed Platforms
		Debug|x86 = Debug|x86
		Release|Any CPU = Release|Any CPU
		Release|Mixed Platforms = Release|Mixed Platforms
		Release|x86 = Release|x86
	EndGlobalSection
	GlobalSection(ProjectConfigurationPlatforms) = postSolution
		{3C9DDA15-0509-456E-BC1D-9A280FDBE5A0}.Debug|Any CPU.ActiveCfg = Debug|Any CPU
		{3C9DDA15-0509-456E-BC1D-9A280FDBE5A0}.Debug|Any CPU.Build.0 = Debug|Any CPU
		{3C9DDA15-0509-456E-BC1D-9A280FDBE5A0}.Debug|Mixed Platforms.ActiveCfg = Debug|Any CPU
		{3C9DDA15-0509-456E-BC1D-9A280FDBE5A0}.Debug|Mixed Platforms.Build.0 = Debug|Any CPU
		{3C9DDA15-0509-456E-BC1D-9A280FDBE5A0}.Debug|x86.ActiveCfg = Debug|Any CPU
		{3C9DDA15-0509-456E-BC1D-9A280FDBE5A0}.Release|Any CPU.ActiveCfg = Release|Any CPU
		{3C9DDA15-0509-456E-BC1D-9A280FDBE5A0}.Release|Any CPU.Build.0 = Release|Any CPU
		{3C9DDA15-0509-456E-BC1D-9A280FDBE5A0}.Release|Mixed Platforms.ActiveCfg = Release|Any CPU
		{3C9DDA15-0509-456E-BC1D-9A280FDBE5A0}.Release|Mixed Platforms.Build.0 = Release|Any CPU
		{3C9DDA15-0509-456E-BC1D-9A280FDBE5A0}.Release|x86.ActiveCfg = Release|Any CPU
		{F33A7B48-461C-4054-85B0-C079509EF7B7}.Debug|Any CPU.ActiveCfg = Debug|Any CPU
		{F33A7B48-461C-4054-85B0-C079509EF7B7}.Debug|Any CPU.Build.0 = Debug|Any CPU
		{F33A7B48-461C-4054-85B0-C079509EF7B7}.Debug|Mixed Platforms.ActiveCfg = Debug|Any CPU
		{F33A7B48-461C-4054-85B0-C079509EF7B7}.Debug|Mixed Platforms.Build.0 = Debug|Any CPU
		{F33A7B48-461C-4054-85B0-C079509EF7B7}.Debug|x86.ActiveCfg = Debug|Any CPU
		{F33A7B48-461C-4054-85B0-C079509EF7B7}.Release|Any CPU.ActiveCfg = Release|Any CPU
		{F33A7B48-461C-4054-85B0-C079509EF7B7}.Release|Any CPU.Build.0 = Release|Any CPU
		{F33A7B48-461C-4054-85B0-C079509EF7B7}.Release|Mixed Platforms.ActiveCfg = Release|Any CPU
		{F33A7B48-461C-4054-85B0-C079509EF7B7}.Release|Mixed Platforms.Build.0 = Release|Any CPU
		{F33A7B48-461C-4054-85B0-C079509EF7B7}.Release|x86.ActiveCfg = Release|Any CPU
		{1845D20C-9161-4290-ABCA-1F4675EFFB4E}.Debug|Any CPU.ActiveCfg = Debug|Any CPU
		{1845D20C-9161-4290-ABCA-1F4675EFFB4E}.Debug|Any CPU.Build.0 = Debug|Any CPU
		{1845D20C-9161-4290-ABCA-1F4675EFFB4E}.Debug|Mixed Platforms.ActiveCfg = Debug|Any CPU
		{1845D20C-9161-4290-ABCA-1F4675EFFB4E}.Debug|Mixed Platforms.Build.0 = Debug|Any CPU
		{1845D20C-9161-4290-ABCA-1F4675EFFB4E}.Debug|x86.ActiveCfg = Debug|Any CPU
		{1845D20C-9161-4290-ABCA-1F4675EFFB4E}.Release|Any CPU.ActiveCfg = Release|Any CPU
		{1845D20C-9161-4290-ABCA-1F4675EFFB4E}.Release|Any CPU.Build.0 = Release|Any CPU
		{1845D20C-9161-4290-ABCA-1F4675EFFB4E}.Release|Mixed Platforms.ActiveCfg = Release|Any CPU
		{1845D20C-9161-4290-ABCA-1F4675EFFB4E}.Release|Mixed Platforms.Build.0 = Release|Any CPU
		{1845D20C-9161-4290-ABCA-1F4675EFFB4E}.Release|x86.ActiveCfg = Release|Any CPU
		{685C3C5C-E269-477E-8F22-776BF2B6EF24}.Debug|Any CPU.ActiveCfg = Debug|Any CPU
		{685C3C5C-E269-477E-8F22-776BF2B6EF24}.Debug|Any CPU.Build.0 = Debug|Any CPU
		{685C3C5C-E269-477E-8F22-776BF2B6EF24}.Debug|Mixed Platforms.ActiveCfg = Debug|Any CPU
		{685C3C5C-E269-477E-8F22-776BF2B6EF24}.Debug|Mixed Platforms.Build.0 = Debug|Any CPU
		{685C3C5C-E269-477E-8F22-776BF2B6EF24}.Debug|x86.ActiveCfg = Debug|Any CPU
		{685C3C5C-E269-477E-8F22-776BF2B6EF24}.Release|Any CPU.ActiveCfg = Release|Any CPU
		{685C3C5C-E269-477E-8F22-776BF2B6EF24}.Release|Any CPU.Build.0 = Release|Any CPU
		{685C3C5C-E269-477E-8F22-776BF2B6EF24}.Release|Mixed Platforms.ActiveCfg = Release|Any CPU
		{685C3C5C-E269-477E-8F22-776BF2B6EF24}.Release|Mixed Platforms.Build.0 = Release|Any CPU
		{685C3C5C-E269-477E-8F22-776BF2B6EF24}.Release|x86.ActiveCfg = Release|Any CPU
		{A5B5CE70-CB64-4265-BE05-97B919755277}.Debug|Any CPU.ActiveCfg = Debug|Any CPU
		{A5B5CE70-CB64-4265-BE05-97B919755277}.Debug|Any CPU.Build.0 = Debug|Any CPU
		{A5B5CE70-CB64-4265-BE05-97B919755277}.Debug|Mixed Platforms.ActiveCfg = Debug|Any CPU
		{A5B5CE70-CB64-4265-BE05-97B919755277}.Debug|Mixed Platforms.Build.0 = Debug|Any CPU
		{A5B5CE70-CB64-4265-BE05-97B919755277}.Debug|x86.ActiveCfg = Debug|Any CPU
		{A5B5CE70-CB64-4265-BE05-97B919755277}.Release|Any CPU.ActiveCfg = Release|Any CPU
		{A5B5CE70-CB64-4265-BE05-97B919755277}.Release|Any CPU.Build.0 = Release|Any CPU
		{A5B5CE70-CB64-4265-BE05-97B919755277}.Release|Mixed Platforms.ActiveCfg = Release|Any CPU
		{A5B5CE70-CB64-4265-BE05-97B919755277}.Release|Mixed Platforms.Build.0 = Release|Any CPU
		{A5B5CE70-CB64-4265-BE05-97B919755277}.Release|x86.ActiveCfg = Release|Any CPU
		{3E1914A3-C795-440A-B468-7506BFE72D56}.Debug|Any CPU.ActiveCfg = Debug|Any CPU
		{3E1914A3-C795-440A-B468-7506BFE72D56}.Debug|Any CPU.Build.0 = Debug|Any CPU
		{3E1914A3-C795-440A-B468-7506BFE72D56}.Debug|Mixed Platforms.ActiveCfg = Debug|Any CPU
		{3E1914A3-C795-440A-B468-7506BFE72D56}.Debug|Mixed Platforms.Build.0 = Debug|Any CPU
		{3E1914A3-C795-440A-B468-7506BFE72D56}.Debug|x86.ActiveCfg = Debug|Any CPU
		{3E1914A3-C795-440A-B468-7506BFE72D56}.Release|Any CPU.ActiveCfg = Release|Any CPU
		{3E1914A3-C795-440A-B468-7506BFE72D56}.Release|Any CPU.Build.0 = Release|Any CPU
		{3E1914A3-C795-440A-B468-7506BFE72D56}.Release|Mixed Platforms.ActiveCfg = Release|Any CPU
		{3E1914A3-C795-440A-B468-7506BFE72D56}.Release|Mixed Platforms.Build.0 = Release|Any CPU
		{3E1914A3-C795-440A-B468-7506BFE72D56}.Release|x86.ActiveCfg = Release|Any CPU
		{94A34A13-0CA0-4BCC-88F9-F1D3EB7AAC83}.Debug|Any CPU.ActiveCfg = Debug|Any CPU
		{94A34A13-0CA0-4BCC-88F9-F1D3EB7AAC83}.Debug|Any CPU.Build.0 = Debug|Any CPU
		{94A34A13-0CA0-4BCC-88F9-F1D3EB7AAC83}.Debug|Mixed Platforms.ActiveCfg = Debug|Any CPU
		{94A34A13-0CA0-4BCC-88F9-F1D3EB7AAC83}.Debug|Mixed Platforms.Build.0 = Debug|Any CPU
		{94A34A13-0CA0-4BCC-88F9-F1D3EB7AAC83}.Debug|x86.ActiveCfg = Debug|Any CPU
		{94A34A13-0CA0-4BCC-88F9-F1D3EB7AAC83}.Release|Any CPU.ActiveCfg = Release|Any CPU
		{94A34A13-0CA0-4BCC-88F9-F1D3EB7AAC83}.Release|Any CPU.Build.0 = Release|Any CPU
		{94A34A13-0CA0-4BCC-88F9-F1D3EB7AAC83}.Release|Mixed Platforms.ActiveCfg = Release|Any CPU
		{94A34A13-0CA0-4BCC-88F9-F1D3EB7AAC83}.Release|Mixed Platforms.Build.0 = Release|Any CPU
		{94A34A13-0CA0-4BCC-88F9-F1D3EB7AAC83}.Release|x86.ActiveCfg = Release|Any CPU
		{BE4447F9-9C99-4F18-B53E-5002343AD026}.Debug|Any CPU.ActiveCfg = Debug|Any CPU
		{BE4447F9-9C99-4F18-B53E-5002343AD026}.Debug|Any CPU.Build.0 = Debug|Any CPU
		{BE4447F9-9C99-4F18-B53E-5002343AD026}.Debug|Mixed Platforms.ActiveCfg = Debug|Any CPU
		{BE4447F9-9C99-4F18-B53E-5002343AD026}.Debug|Mixed Platforms.Build.0 = Debug|Any CPU
		{BE4447F9-9C99-4F18-B53E-5002343AD026}.Debug|x86.ActiveCfg = Debug|Any CPU
		{BE4447F9-9C99-4F18-B53E-5002343AD026}.Release|Any CPU.ActiveCfg = Release|Any CPU
		{BE4447F9-9C99-4F18-B53E-5002343AD026}.Release|Any CPU.Build.0 = Release|Any CPU
		{BE4447F9-9C99-4F18-B53E-5002343AD026}.Release|Mixed Platforms.ActiveCfg = Release|Any CPU
		{BE4447F9-9C99-4F18-B53E-5002343AD026}.Release|Mixed Platforms.Build.0 = Release|Any CPU
		{BE4447F9-9C99-4F18-B53E-5002343AD026}.Release|x86.ActiveCfg = Release|Any CPU
		{5E75D89B-7644-42A4-A152-7113222F7080}.Debug|Any CPU.ActiveCfg = Debug|Any CPU
		{5E75D89B-7644-42A4-A152-7113222F7080}.Debug|Any CPU.Build.0 = Debug|Any CPU
		{5E75D89B-7644-42A4-A152-7113222F7080}.Debug|Mixed Platforms.ActiveCfg = Debug|Any CPU
		{5E75D89B-7644-42A4-A152-7113222F7080}.Debug|Mixed Platforms.Build.0 = Debug|Any CPU
		{5E75D89B-7644-42A4-A152-7113222F7080}.Debug|x86.ActiveCfg = Debug|Any CPU
		{5E75D89B-7644-42A4-A152-7113222F7080}.Release|Any CPU.ActiveCfg = Release|Any CPU
		{5E75D89B-7644-42A4-A152-7113222F7080}.Release|Any CPU.Build.0 = Release|Any CPU
		{5E75D89B-7644-42A4-A152-7113222F7080}.Release|Mixed Platforms.ActiveCfg = Release|Any CPU
		{5E75D89B-7644-42A4-A152-7113222F7080}.Release|Mixed Platforms.Build.0 = Release|Any CPU
		{5E75D89B-7644-42A4-A152-7113222F7080}.Release|x86.ActiveCfg = Release|Any CPU
		{5046FF7B-79CD-41C1-8DA3-2CB967036FF2}.Debug|Any CPU.ActiveCfg = Debug|Any CPU
		{5046FF7B-79CD-41C1-8DA3-2CB967036FF2}.Debug|Any CPU.Build.0 = Debug|Any CPU
		{5046FF7B-79CD-41C1-8DA3-2CB967036FF2}.Debug|Mixed Platforms.ActiveCfg = Debug|Any CPU
		{5046FF7B-79CD-41C1-8DA3-2CB967036FF2}.Debug|Mixed Platforms.Build.0 = Debug|Any CPU
		{5046FF7B-79CD-41C1-8DA3-2CB967036FF2}.Debug|x86.ActiveCfg = Debug|Any CPU
		{5046FF7B-79CD-41C1-8DA3-2CB967036FF2}.Release|Any CPU.ActiveCfg = Release|Any CPU
		{5046FF7B-79CD-41C1-8DA3-2CB967036FF2}.Release|Any CPU.Build.0 = Release|Any CPU
		{5046FF7B-79CD-41C1-8DA3-2CB967036FF2}.Release|Mixed Platforms.ActiveCfg = Release|Any CPU
		{5046FF7B-79CD-41C1-8DA3-2CB967036FF2}.Release|Mixed Platforms.Build.0 = Release|Any CPU
		{5046FF7B-79CD-41C1-8DA3-2CB967036FF2}.Release|x86.ActiveCfg = Release|Any CPU
		{E469D74A-1445-4D32-BEDA-5EF21B147071}.Debug|Any CPU.ActiveCfg = Debug|Any CPU
		{E469D74A-1445-4D32-BEDA-5EF21B147071}.Debug|Any CPU.Build.0 = Debug|Any CPU
		{E469D74A-1445-4D32-BEDA-5EF21B147071}.Debug|Mixed Platforms.ActiveCfg = Debug|Any CPU
		{E469D74A-1445-4D32-BEDA-5EF21B147071}.Debug|Mixed Platforms.Build.0 = Debug|Any CPU
		{E469D74A-1445-4D32-BEDA-5EF21B147071}.Debug|x86.ActiveCfg = Debug|Any CPU
		{E469D74A-1445-4D32-BEDA-5EF21B147071}.Release|Any CPU.ActiveCfg = Release|Any CPU
		{E469D74A-1445-4D32-BEDA-5EF21B147071}.Release|Any CPU.Build.0 = Release|Any CPU
		{E469D74A-1445-4D32-BEDA-5EF21B147071}.Release|Mixed Platforms.ActiveCfg = Release|Any CPU
		{E469D74A-1445-4D32-BEDA-5EF21B147071}.Release|Mixed Platforms.Build.0 = Release|Any CPU
		{E469D74A-1445-4D32-BEDA-5EF21B147071}.Release|x86.ActiveCfg = Release|Any CPU
		{06972D19-2000-4D80-8FC4-6261AB3BE223}.Debug|Any CPU.ActiveCfg = Debug|Any CPU
		{06972D19-2000-4D80-8FC4-6261AB3BE223}.Debug|Any CPU.Build.0 = Debug|Any CPU
		{06972D19-2000-4D80-8FC4-6261AB3BE223}.Debug|Mixed Platforms.ActiveCfg = Debug|Any CPU
		{06972D19-2000-4D80-8FC4-6261AB3BE223}.Debug|Mixed Platforms.Build.0 = Debug|Any CPU
		{06972D19-2000-4D80-8FC4-6261AB3BE223}.Debug|x86.ActiveCfg = Debug|Any CPU
		{06972D19-2000-4D80-8FC4-6261AB3BE223}.Release|Any CPU.ActiveCfg = Release|Any CPU
		{06972D19-2000-4D80-8FC4-6261AB3BE223}.Release|Any CPU.Build.0 = Release|Any CPU
		{06972D19-2000-4D80-8FC4-6261AB3BE223}.Release|Mixed Platforms.ActiveCfg = Release|Any CPU
		{06972D19-2000-4D80-8FC4-6261AB3BE223}.Release|Mixed Platforms.Build.0 = Release|Any CPU
		{06972D19-2000-4D80-8FC4-6261AB3BE223}.Release|x86.ActiveCfg = Release|Any CPU
		{4941770A-596D-4CEE-9528-89E8AF22CEF8}.Debug|Any CPU.ActiveCfg = Debug|Any CPU
		{4941770A-596D-4CEE-9528-89E8AF22CEF8}.Debug|Any CPU.Build.0 = Debug|Any CPU
		{4941770A-596D-4CEE-9528-89E8AF22CEF8}.Debug|Mixed Platforms.ActiveCfg = Debug|Any CPU
		{4941770A-596D-4CEE-9528-89E8AF22CEF8}.Debug|Mixed Platforms.Build.0 = Debug|Any CPU
		{4941770A-596D-4CEE-9528-89E8AF22CEF8}.Debug|x86.ActiveCfg = Debug|Any CPU
		{4941770A-596D-4CEE-9528-89E8AF22CEF8}.Release|Any CPU.ActiveCfg = Release|Any CPU
		{4941770A-596D-4CEE-9528-89E8AF22CEF8}.Release|Any CPU.Build.0 = Release|Any CPU
		{4941770A-596D-4CEE-9528-89E8AF22CEF8}.Release|Mixed Platforms.ActiveCfg = Release|Any CPU
		{4941770A-596D-4CEE-9528-89E8AF22CEF8}.Release|Mixed Platforms.Build.0 = Release|Any CPU
		{4941770A-596D-4CEE-9528-89E8AF22CEF8}.Release|x86.ActiveCfg = Release|Any CPU
		{AD846F9F-A9F7-4DFD-8DE8-4B70DD692B7B}.Debug|Any CPU.ActiveCfg = Debug|Any CPU
		{AD846F9F-A9F7-4DFD-8DE8-4B70DD692B7B}.Debug|Any CPU.Build.0 = Debug|Any CPU
		{AD846F9F-A9F7-4DFD-8DE8-4B70DD692B7B}.Debug|Mixed Platforms.ActiveCfg = Debug|Any CPU
		{AD846F9F-A9F7-4DFD-8DE8-4B70DD692B7B}.Debug|Mixed Platforms.Build.0 = Debug|Any CPU
		{AD846F9F-A9F7-4DFD-8DE8-4B70DD692B7B}.Debug|x86.ActiveCfg = Debug|Any CPU
		{AD846F9F-A9F7-4DFD-8DE8-4B70DD692B7B}.Release|Any CPU.ActiveCfg = Release|Any CPU
		{AD846F9F-A9F7-4DFD-8DE8-4B70DD692B7B}.Release|Any CPU.Build.0 = Release|Any CPU
		{AD846F9F-A9F7-4DFD-8DE8-4B70DD692B7B}.Release|Mixed Platforms.ActiveCfg = Release|Any CPU
		{AD846F9F-A9F7-4DFD-8DE8-4B70DD692B7B}.Release|Mixed Platforms.Build.0 = Release|Any CPU
		{AD846F9F-A9F7-4DFD-8DE8-4B70DD692B7B}.Release|x86.ActiveCfg = Release|Any CPU
		{924D9E44-ED2F-4605-96E1-ADAF1FF147BF}.Debug|Any CPU.ActiveCfg = Debug|Any CPU
		{924D9E44-ED2F-4605-96E1-ADAF1FF147BF}.Debug|Any CPU.Build.0 = Debug|Any CPU
		{924D9E44-ED2F-4605-96E1-ADAF1FF147BF}.Debug|Mixed Platforms.ActiveCfg = Debug|Any CPU
		{924D9E44-ED2F-4605-96E1-ADAF1FF147BF}.Debug|Mixed Platforms.Build.0 = Debug|Any CPU
		{924D9E44-ED2F-4605-96E1-ADAF1FF147BF}.Debug|x86.ActiveCfg = Debug|Any CPU
		{924D9E44-ED2F-4605-96E1-ADAF1FF147BF}.Release|Any CPU.ActiveCfg = Release|Any CPU
		{924D9E44-ED2F-4605-96E1-ADAF1FF147BF}.Release|Any CPU.Build.0 = Release|Any CPU
		{924D9E44-ED2F-4605-96E1-ADAF1FF147BF}.Release|Mixed Platforms.ActiveCfg = Release|Any CPU
		{924D9E44-ED2F-4605-96E1-ADAF1FF147BF}.Release|Mixed Platforms.Build.0 = Release|Any CPU
		{924D9E44-ED2F-4605-96E1-ADAF1FF147BF}.Release|x86.ActiveCfg = Release|Any CPU
		{8D821A1A-6E12-4119-ADF0-C35BBB68149E}.Debug|Any CPU.ActiveCfg = Debug|Any CPU
		{8D821A1A-6E12-4119-ADF0-C35BBB68149E}.Debug|Any CPU.Build.0 = Debug|Any CPU
		{8D821A1A-6E12-4119-ADF0-C35BBB68149E}.Debug|Mixed Platforms.ActiveCfg = Debug|Any CPU
		{8D821A1A-6E12-4119-ADF0-C35BBB68149E}.Debug|Mixed Platforms.Build.0 = Debug|Any CPU
		{8D821A1A-6E12-4119-ADF0-C35BBB68149E}.Debug|x86.ActiveCfg = Debug|Any CPU
		{8D821A1A-6E12-4119-ADF0-C35BBB68149E}.Release|Any CPU.ActiveCfg = Release|Any CPU
		{8D821A1A-6E12-4119-ADF0-C35BBB68149E}.Release|Any CPU.Build.0 = Release|Any CPU
		{8D821A1A-6E12-4119-ADF0-C35BBB68149E}.Release|Mixed Platforms.ActiveCfg = Release|Any CPU
		{8D821A1A-6E12-4119-ADF0-C35BBB68149E}.Release|Mixed Platforms.Build.0 = Release|Any CPU
		{8D821A1A-6E12-4119-ADF0-C35BBB68149E}.Release|x86.ActiveCfg = Release|Any CPU
		{22FD597B-D294-4EA6-9F88-C5A68A2BC538}.Debug|Any CPU.ActiveCfg = Debug|Any CPU
		{22FD597B-D294-4EA6-9F88-C5A68A2BC538}.Debug|Any CPU.Build.0 = Debug|Any CPU
		{22FD597B-D294-4EA6-9F88-C5A68A2BC538}.Debug|Mixed Platforms.ActiveCfg = Debug|Any CPU
		{22FD597B-D294-4EA6-9F88-C5A68A2BC538}.Debug|Mixed Platforms.Build.0 = Debug|Any CPU
		{22FD597B-D294-4EA6-9F88-C5A68A2BC538}.Debug|x86.ActiveCfg = Debug|Any CPU
		{22FD597B-D294-4EA6-9F88-C5A68A2BC538}.Release|Any CPU.ActiveCfg = Release|Any CPU
		{22FD597B-D294-4EA6-9F88-C5A68A2BC538}.Release|Any CPU.Build.0 = Release|Any CPU
		{22FD597B-D294-4EA6-9F88-C5A68A2BC538}.Release|Mixed Platforms.ActiveCfg = Release|Any CPU
		{22FD597B-D294-4EA6-9F88-C5A68A2BC538}.Release|Mixed Platforms.Build.0 = Release|Any CPU
		{22FD597B-D294-4EA6-9F88-C5A68A2BC538}.Release|x86.ActiveCfg = Release|Any CPU
		{C8F48726-3119-4E8C-816D-A5F39F89D3D3}.Debug|Any CPU.ActiveCfg = Debug|Any CPU
		{C8F48726-3119-4E8C-816D-A5F39F89D3D3}.Debug|Any CPU.Build.0 = Debug|Any CPU
		{C8F48726-3119-4E8C-816D-A5F39F89D3D3}.Debug|Mixed Platforms.ActiveCfg = Debug|Any CPU
		{C8F48726-3119-4E8C-816D-A5F39F89D3D3}.Debug|Mixed Platforms.Build.0 = Debug|Any CPU
		{C8F48726-3119-4E8C-816D-A5F39F89D3D3}.Debug|x86.ActiveCfg = Debug|Any CPU
		{C8F48726-3119-4E8C-816D-A5F39F89D3D3}.Release|Any CPU.ActiveCfg = Release|Any CPU
		{C8F48726-3119-4E8C-816D-A5F39F89D3D3}.Release|Any CPU.Build.0 = Release|Any CPU
		{C8F48726-3119-4E8C-816D-A5F39F89D3D3}.Release|Mixed Platforms.ActiveCfg = Release|Any CPU
		{C8F48726-3119-4E8C-816D-A5F39F89D3D3}.Release|Mixed Platforms.Build.0 = Release|Any CPU
		{C8F48726-3119-4E8C-816D-A5F39F89D3D3}.Release|x86.ActiveCfg = Release|Any CPU
		{3D1A7519-C686-48BA-B44B-3C6F1DFF7400}.Debug|Any CPU.ActiveCfg = Debug|Any CPU
		{3D1A7519-C686-48BA-B44B-3C6F1DFF7400}.Debug|Any CPU.Build.0 = Debug|Any CPU
		{3D1A7519-C686-48BA-B44B-3C6F1DFF7400}.Debug|Mixed Platforms.ActiveCfg = Debug|Any CPU
		{3D1A7519-C686-48BA-B44B-3C6F1DFF7400}.Debug|Mixed Platforms.Build.0 = Debug|Any CPU
		{3D1A7519-C686-48BA-B44B-3C6F1DFF7400}.Debug|x86.ActiveCfg = Debug|Any CPU
		{3D1A7519-C686-48BA-B44B-3C6F1DFF7400}.Release|Any CPU.ActiveCfg = Release|Any CPU
		{3D1A7519-C686-48BA-B44B-3C6F1DFF7400}.Release|Any CPU.Build.0 = Release|Any CPU
		{3D1A7519-C686-48BA-B44B-3C6F1DFF7400}.Release|Mixed Platforms.ActiveCfg = Release|Any CPU
		{3D1A7519-C686-48BA-B44B-3C6F1DFF7400}.Release|Mixed Platforms.Build.0 = Release|Any CPU
		{3D1A7519-C686-48BA-B44B-3C6F1DFF7400}.Release|x86.ActiveCfg = Release|Any CPU
		{1E6528D9-D4EE-47BF-B406-A087F7904D73}.Debug|Any CPU.ActiveCfg = Debug|Any CPU
		{1E6528D9-D4EE-47BF-B406-A087F7904D73}.Debug|Any CPU.Build.0 = Debug|Any CPU
		{1E6528D9-D4EE-47BF-B406-A087F7904D73}.Debug|Mixed Platforms.ActiveCfg = Debug|Any CPU
		{1E6528D9-D4EE-47BF-B406-A087F7904D73}.Debug|Mixed Platforms.Build.0 = Debug|Any CPU
		{1E6528D9-D4EE-47BF-B406-A087F7904D73}.Debug|x86.ActiveCfg = Debug|Any CPU
		{1E6528D9-D4EE-47BF-B406-A087F7904D73}.Release|Any CPU.ActiveCfg = Release|Any CPU
		{1E6528D9-D4EE-47BF-B406-A087F7904D73}.Release|Any CPU.Build.0 = Release|Any CPU
		{1E6528D9-D4EE-47BF-B406-A087F7904D73}.Release|Mixed Platforms.ActiveCfg = Release|Any CPU
		{1E6528D9-D4EE-47BF-B406-A087F7904D73}.Release|Mixed Platforms.Build.0 = Release|Any CPU
		{1E6528D9-D4EE-47BF-B406-A087F7904D73}.Release|x86.ActiveCfg = Release|Any CPU
		{968073AA-65B8-4CED-A854-ECD33F33B72A}.Debug|Any CPU.ActiveCfg = Debug|Any CPU
		{968073AA-65B8-4CED-A854-ECD33F33B72A}.Debug|Any CPU.Build.0 = Debug|Any CPU
		{968073AA-65B8-4CED-A854-ECD33F33B72A}.Debug|Mixed Platforms.ActiveCfg = Debug|Any CPU
		{968073AA-65B8-4CED-A854-ECD33F33B72A}.Debug|Mixed Platforms.Build.0 = Debug|Any CPU
		{968073AA-65B8-4CED-A854-ECD33F33B72A}.Debug|x86.ActiveCfg = Debug|Any CPU
		{968073AA-65B8-4CED-A854-ECD33F33B72A}.Release|Any CPU.ActiveCfg = Release|Any CPU
		{968073AA-65B8-4CED-A854-ECD33F33B72A}.Release|Any CPU.Build.0 = Release|Any CPU
		{968073AA-65B8-4CED-A854-ECD33F33B72A}.Release|Mixed Platforms.ActiveCfg = Release|Any CPU
		{968073AA-65B8-4CED-A854-ECD33F33B72A}.Release|Mixed Platforms.Build.0 = Release|Any CPU
		{968073AA-65B8-4CED-A854-ECD33F33B72A}.Release|x86.ActiveCfg = Release|Any CPU
		{AA99E7CE-1EA6-41FF-A883-BEAC806F6A4E}.Debug|Any CPU.ActiveCfg = Debug|Any CPU
		{AA99E7CE-1EA6-41FF-A883-BEAC806F6A4E}.Debug|Any CPU.Build.0 = Debug|Any CPU
		{AA99E7CE-1EA6-41FF-A883-BEAC806F6A4E}.Debug|Mixed Platforms.ActiveCfg = Debug|Any CPU
		{AA99E7CE-1EA6-41FF-A883-BEAC806F6A4E}.Debug|Mixed Platforms.Build.0 = Debug|Any CPU
		{AA99E7CE-1EA6-41FF-A883-BEAC806F6A4E}.Debug|x86.ActiveCfg = Debug|Any CPU
		{AA99E7CE-1EA6-41FF-A883-BEAC806F6A4E}.Release|Any CPU.ActiveCfg = Release|Any CPU
		{AA99E7CE-1EA6-41FF-A883-BEAC806F6A4E}.Release|Any CPU.Build.0 = Release|Any CPU
		{AA99E7CE-1EA6-41FF-A883-BEAC806F6A4E}.Release|Mixed Platforms.ActiveCfg = Release|Any CPU
		{AA99E7CE-1EA6-41FF-A883-BEAC806F6A4E}.Release|Mixed Platforms.Build.0 = Release|Any CPU
		{AA99E7CE-1EA6-41FF-A883-BEAC806F6A4E}.Release|x86.ActiveCfg = Release|Any CPU
		{C85EEA14-1347-4D90-911D-CF514AEF3AD3}.Debug|Any CPU.ActiveCfg = Debug|Any CPU
		{C85EEA14-1347-4D90-911D-CF514AEF3AD3}.Debug|Any CPU.Build.0 = Debug|Any CPU
		{C85EEA14-1347-4D90-911D-CF514AEF3AD3}.Debug|Mixed Platforms.ActiveCfg = Debug|Any CPU
		{C85EEA14-1347-4D90-911D-CF514AEF3AD3}.Debug|Mixed Platforms.Build.0 = Debug|Any CPU
		{C85EEA14-1347-4D90-911D-CF514AEF3AD3}.Debug|x86.ActiveCfg = Debug|Any CPU
		{C85EEA14-1347-4D90-911D-CF514AEF3AD3}.Release|Any CPU.ActiveCfg = Release|Any CPU
		{C85EEA14-1347-4D90-911D-CF514AEF3AD3}.Release|Any CPU.Build.0 = Release|Any CPU
		{C85EEA14-1347-4D90-911D-CF514AEF3AD3}.Release|Mixed Platforms.ActiveCfg = Release|Any CPU
		{C85EEA14-1347-4D90-911D-CF514AEF3AD3}.Release|Mixed Platforms.Build.0 = Release|Any CPU
		{C85EEA14-1347-4D90-911D-CF514AEF3AD3}.Release|x86.ActiveCfg = Release|Any CPU
		{5F33B3B1-313C-4D07-AD02-C9223506A417}.Debug|Any CPU.ActiveCfg = Debug|Any CPU
		{5F33B3B1-313C-4D07-AD02-C9223506A417}.Debug|Any CPU.Build.0 = Debug|Any CPU
		{5F33B3B1-313C-4D07-AD02-C9223506A417}.Debug|Mixed Platforms.ActiveCfg = Debug|Any CPU
		{5F33B3B1-313C-4D07-AD02-C9223506A417}.Debug|Mixed Platforms.Build.0 = Debug|Any CPU
		{5F33B3B1-313C-4D07-AD02-C9223506A417}.Debug|x86.ActiveCfg = Debug|Any CPU
		{5F33B3B1-313C-4D07-AD02-C9223506A417}.Release|Any CPU.ActiveCfg = Release|Any CPU
		{5F33B3B1-313C-4D07-AD02-C9223506A417}.Release|Any CPU.Build.0 = Release|Any CPU
		{5F33B3B1-313C-4D07-AD02-C9223506A417}.Release|Mixed Platforms.ActiveCfg = Release|Any CPU
		{5F33B3B1-313C-4D07-AD02-C9223506A417}.Release|Mixed Platforms.Build.0 = Release|Any CPU
		{5F33B3B1-313C-4D07-AD02-C9223506A417}.Release|x86.ActiveCfg = Release|Any CPU
		{432C3370-FC75-4DD7-87AE-916C32139CE8}.Debug|Any CPU.ActiveCfg = Debug|Any CPU
		{432C3370-FC75-4DD7-87AE-916C32139CE8}.Debug|Any CPU.Build.0 = Debug|Any CPU
		{432C3370-FC75-4DD7-87AE-916C32139CE8}.Debug|Mixed Platforms.ActiveCfg = Debug|Any CPU
		{432C3370-FC75-4DD7-87AE-916C32139CE8}.Debug|Mixed Platforms.Build.0 = Debug|Any CPU
		{432C3370-FC75-4DD7-87AE-916C32139CE8}.Debug|x86.ActiveCfg = Debug|Any CPU
		{432C3370-FC75-4DD7-87AE-916C32139CE8}.Release|Any CPU.ActiveCfg = Release|Any CPU
		{432C3370-FC75-4DD7-87AE-916C32139CE8}.Release|Any CPU.Build.0 = Release|Any CPU
		{432C3370-FC75-4DD7-87AE-916C32139CE8}.Release|Mixed Platforms.ActiveCfg = Release|Any CPU
		{432C3370-FC75-4DD7-87AE-916C32139CE8}.Release|Mixed Platforms.Build.0 = Release|Any CPU
		{432C3370-FC75-4DD7-87AE-916C32139CE8}.Release|x86.ActiveCfg = Release|Any CPU
		{F237F607-7C56-4FA7-8D16-13E8571EC98F}.Debug|Any CPU.ActiveCfg = Debug|Any CPU
		{F237F607-7C56-4FA7-8D16-13E8571EC98F}.Debug|Any CPU.Build.0 = Debug|Any CPU
		{F237F607-7C56-4FA7-8D16-13E8571EC98F}.Debug|Mixed Platforms.ActiveCfg = Debug|Any CPU
		{F237F607-7C56-4FA7-8D16-13E8571EC98F}.Debug|Mixed Platforms.Build.0 = Debug|Any CPU
		{F237F607-7C56-4FA7-8D16-13E8571EC98F}.Debug|x86.ActiveCfg = Debug|Any CPU
		{F237F607-7C56-4FA7-8D16-13E8571EC98F}.Release|Any CPU.ActiveCfg = Release|Any CPU
		{F237F607-7C56-4FA7-8D16-13E8571EC98F}.Release|Any CPU.Build.0 = Release|Any CPU
		{F237F607-7C56-4FA7-8D16-13E8571EC98F}.Release|Mixed Platforms.ActiveCfg = Release|Any CPU
		{F237F607-7C56-4FA7-8D16-13E8571EC98F}.Release|Mixed Platforms.Build.0 = Release|Any CPU
		{F237F607-7C56-4FA7-8D16-13E8571EC98F}.Release|x86.ActiveCfg = Release|Any CPU
		{01F9534B-C650-4AB6-8848-3BF0300627EF}.Debug|Any CPU.ActiveCfg = Debug|Any CPU
		{01F9534B-C650-4AB6-8848-3BF0300627EF}.Debug|Any CPU.Build.0 = Debug|Any CPU
		{01F9534B-C650-4AB6-8848-3BF0300627EF}.Debug|Mixed Platforms.ActiveCfg = Debug|Any CPU
		{01F9534B-C650-4AB6-8848-3BF0300627EF}.Debug|Mixed Platforms.Build.0 = Debug|Any CPU
		{01F9534B-C650-4AB6-8848-3BF0300627EF}.Debug|x86.ActiveCfg = Debug|Any CPU
		{01F9534B-C650-4AB6-8848-3BF0300627EF}.Release|Any CPU.ActiveCfg = Release|Any CPU
		{01F9534B-C650-4AB6-8848-3BF0300627EF}.Release|Any CPU.Build.0 = Release|Any CPU
		{01F9534B-C650-4AB6-8848-3BF0300627EF}.Release|Mixed Platforms.ActiveCfg = Release|Any CPU
		{01F9534B-C650-4AB6-8848-3BF0300627EF}.Release|Mixed Platforms.Build.0 = Release|Any CPU
		{01F9534B-C650-4AB6-8848-3BF0300627EF}.Release|x86.ActiveCfg = Release|Any CPU
		{C153AD11-9A8A-46B1-89F0-77522E229AF7}.Debug|Any CPU.ActiveCfg = Debug|Any CPU
		{C153AD11-9A8A-46B1-89F0-77522E229AF7}.Debug|Any CPU.Build.0 = Debug|Any CPU
		{C153AD11-9A8A-46B1-89F0-77522E229AF7}.Debug|Mixed Platforms.ActiveCfg = Debug|Any CPU
		{C153AD11-9A8A-46B1-89F0-77522E229AF7}.Debug|Mixed Platforms.Build.0 = Debug|Any CPU
		{C153AD11-9A8A-46B1-89F0-77522E229AF7}.Debug|x86.ActiveCfg = Debug|Any CPU
		{C153AD11-9A8A-46B1-89F0-77522E229AF7}.Release|Any CPU.ActiveCfg = Release|Any CPU
		{C153AD11-9A8A-46B1-89F0-77522E229AF7}.Release|Any CPU.Build.0 = Release|Any CPU
		{C153AD11-9A8A-46B1-89F0-77522E229AF7}.Release|Mixed Platforms.ActiveCfg = Release|Any CPU
		{C153AD11-9A8A-46B1-89F0-77522E229AF7}.Release|Mixed Platforms.Build.0 = Release|Any CPU
		{C153AD11-9A8A-46B1-89F0-77522E229AF7}.Release|x86.ActiveCfg = Release|Any CPU
		{2B688035-7B80-4C86-B265-B70E224CE095}.Debug|Any CPU.ActiveCfg = Debug|Any CPU
		{2B688035-7B80-4C86-B265-B70E224CE095}.Debug|Any CPU.Build.0 = Debug|Any CPU
		{2B688035-7B80-4C86-B265-B70E224CE095}.Debug|Mixed Platforms.ActiveCfg = Debug|Any CPU
		{2B688035-7B80-4C86-B265-B70E224CE095}.Debug|Mixed Platforms.Build.0 = Debug|Any CPU
		{2B688035-7B80-4C86-B265-B70E224CE095}.Debug|x86.ActiveCfg = Debug|Any CPU
		{2B688035-7B80-4C86-B265-B70E224CE095}.Release|Any CPU.ActiveCfg = Release|Any CPU
		{2B688035-7B80-4C86-B265-B70E224CE095}.Release|Any CPU.Build.0 = Release|Any CPU
		{2B688035-7B80-4C86-B265-B70E224CE095}.Release|Mixed Platforms.ActiveCfg = Release|Any CPU
		{2B688035-7B80-4C86-B265-B70E224CE095}.Release|Mixed Platforms.Build.0 = Release|Any CPU
		{2B688035-7B80-4C86-B265-B70E224CE095}.Release|x86.ActiveCfg = Release|Any CPU
		{66B488AB-C880-49C7-92E2-7857F2C892BF}.Debug|Any CPU.ActiveCfg = Debug|Any CPU
		{66B488AB-C880-49C7-92E2-7857F2C892BF}.Debug|Any CPU.Build.0 = Debug|Any CPU
		{66B488AB-C880-49C7-92E2-7857F2C892BF}.Debug|Mixed Platforms.ActiveCfg = Debug|Any CPU
		{66B488AB-C880-49C7-92E2-7857F2C892BF}.Debug|Mixed Platforms.Build.0 = Debug|Any CPU
		{66B488AB-C880-49C7-92E2-7857F2C892BF}.Debug|x86.ActiveCfg = Debug|Any CPU
		{66B488AB-C880-49C7-92E2-7857F2C892BF}.Release|Any CPU.ActiveCfg = Release|Any CPU
		{66B488AB-C880-49C7-92E2-7857F2C892BF}.Release|Any CPU.Build.0 = Release|Any CPU
		{66B488AB-C880-49C7-92E2-7857F2C892BF}.Release|Mixed Platforms.ActiveCfg = Release|Any CPU
		{66B488AB-C880-49C7-92E2-7857F2C892BF}.Release|Mixed Platforms.Build.0 = Release|Any CPU
		{66B488AB-C880-49C7-92E2-7857F2C892BF}.Release|x86.ActiveCfg = Release|Any CPU
	EndGlobalSection
	GlobalSection(SolutionProperties) = preSolution
		HideSolutionNode = FALSE
	EndGlobalSection
	GlobalSection(NestedProjects) = preSolution
		{3C9DDA15-0509-456E-BC1D-9A280FDBE5A0} = {CEBBBAC3-1439-4A2E-A8B8-EA6854232229}
		{F33A7B48-461C-4054-85B0-C079509EF7B7} = {56E3B654-24BF-4F7F-AF44-6B55F82C6ECB}
		{1845D20C-9161-4290-ABCA-1F4675EFFB4E} = {D5458F60-8607-4D75-960E-242A923AE828}
		{685C3C5C-E269-477E-8F22-776BF2B6EF24} = {4051EBB0-5C9E-462B-9AC9-2E86DE224967}
		{A5B5CE70-CB64-4265-BE05-97B919755277} = {D10901C6-2775-476C-AD2E-2D18809095CF}
		{3E1914A3-C795-440A-B468-7506BFE72D56} = {13856AE5-6854-4706-840E-7A32F89C7AAE}
		{94A34A13-0CA0-4BCC-88F9-F1D3EB7AAC83} = {B690F641-DA06-4FC0-89FE-D10A410F812B}
		{BE4447F9-9C99-4F18-B53E-5002343AD026} = {463A3216-0911-421F-B681-7C581FAC2B17}
		{5E75D89B-7644-42A4-A152-7113222F7080} = {13BB7C4F-1543-489F-B478-0DA7D3D02A71}
		{5046FF7B-79CD-41C1-8DA3-2CB967036FF2} = {6A2EEA35-859F-4BC9-94EA-5A142FAF8B95}
		{E469D74A-1445-4D32-BEDA-5EF21B147071} = {DA158EE1-9250-4BA6-AC34-9D66ADDE15A0}
		{06972D19-2000-4D80-8FC4-6261AB3BE223} = {EC3008F2-B837-4F9A-97BE-80AC67BD9AC2}
		{4941770A-596D-4CEE-9528-89E8AF22CEF8} = {004BECD8-C224-47D7-8496-A81993B7E589}
		{AD846F9F-A9F7-4DFD-8DE8-4B70DD692B7B} = {444A022A-6F38-4276-8017-884226C436F9}
		{924D9E44-ED2F-4605-96E1-ADAF1FF147BF} = {7B8C15D8-159E-4F79-BAB9-FC551F5C1E85}
		{8D821A1A-6E12-4119-ADF0-C35BBB68149E} = {D455141E-44BF-45CF-82EE-AEA56D733D78}
		{22FD597B-D294-4EA6-9F88-C5A68A2BC538} = {198FB083-4249-47BC-99EC-A39EAAD75D1E}
		{C8F48726-3119-4E8C-816D-A5F39F89D3D3} = {198FB083-4249-47BC-99EC-A39EAAD75D1E}
		{3D1A7519-C686-48BA-B44B-3C6F1DFF7400} = {FC15C89C-C5EC-4813-A0A3-A6C349DBA60F}
		{1E6528D9-D4EE-47BF-B406-A087F7904D73} = {794989FC-5B54-4869-8CB3-D3C745E36C20}
		{968073AA-65B8-4CED-A854-ECD33F33B72A} = {F7FD9D85-1564-449B-987E-B51BFC881A92}
		{AA99E7CE-1EA6-41FF-A883-BEAC806F6A4E} = {43D3EBD0-AA85-429E-AE89-4DF90398D24A}
		{C85EEA14-1347-4D90-911D-CF514AEF3AD3} = {5A9FC9BF-84ED-4AF5-BB38-861BF057F435}
		{5F33B3B1-313C-4D07-AD02-C9223506A417} = {3B4C8D6D-CF74-44B0-ADD8-B6C43C1F7892}
		{432C3370-FC75-4DD7-87AE-916C32139CE8} = {58E771A7-3A51-4B82-B349-E40776E69F6A}
		{F237F607-7C56-4FA7-8D16-13E8571EC98F} = {601FB558-425F-427E-A90A-9D91485A1405}
		{01F9534B-C650-4AB6-8848-3BF0300627EF} = {033FAA46-E0BA-4E00-BEF5-3658C0B90AA3}
		{C153AD11-9A8A-46B1-89F0-77522E229AF7} = {9048282A-0CA3-4B81-8CB8-1838D744EB04}
		{2B688035-7B80-4C86-B265-B70E224CE095} = {AA0CD2E4-D272-4EAF-9D06-70E640E630D1}
		{66B488AB-C880-49C7-92E2-7857F2C892BF} = {A4A4F187-BEE7-47F3-9DD8-2660A25D3D4E}
	EndGlobalSection
EndGlobal
